PODS:
  - Logems (0.5.0):
    - Logems/Frameworks (= 0.5.0)
  - Logems/Frameworks (0.5.0)

DEPENDENCIES:
  - Logems (from `../`)

EXTERNAL SOURCES:
  Logems:
    :path: "../"

SPEC CHECKSUMS:
  Logems: 602ac17b361d71232b1598427888667cf64a2530

PODFILE CHECKSUM: f6f9693e660e6391192069d388e4c56a01a5e1ea

COCOAPODS: 1.10.1
